
Microsoft Visual Studio Solution File, Format Version 12.00
# Visual Studio Version 17
VisualStudioVersion = 17.10.35122.118
MinimumVisualStudioVersion = 10.0.40219.1
Project("{FAE04EC0-301F-11D3-BF4B-00C04F79EFBC}") = "CompanyDatabase", "CompanyDatabase\CompanyDatabase.csproj", "{7D3D64C6-F32F-4216-9CAD-88B35DA89082}"
EndProject
Global
	GlobalSection(SolutionConfigurationPlatforms) = preSolution
		Debug|Any CPU = Debug|Any CPU
		Release|Any CPU = Release|Any CPU
	EndGlobalSection
	GlobalSection(ProjectConfigurationPlatforms) = postSolution
		{7D3D64C6-F32F-4216-9CAD-88B35DA89082}.Debug|Any CPU.ActiveCfg = Debug|Any CPU
		{7D3D64C6-F32F-4216-9CAD-88B35DA89082}.Debug|Any CPU.Build.0 = Debug|Any CPU
		{7D3D64C6-F32F-4216-9CAD-88B35DA89082}.Release|Any CPU.ActiveCfg = Release|Any CPU
		{7D3D64C6-F32F-4216-9CAD-88B35DA89082}.Release|Any CPU.Build.0 = Release|Any CPU
	EndGlobalSection
	GlobalSection(SolutionProperties) = preSolution
		HideSolutionNode = FALSE
	EndGlobalSection
	GlobalSection(ExtensibilityGlobals) = postSolution
		SolutionGuid = {68A00C7A-91D6-4810-9D80-F96EF9C7BA94}
	EndGlobalSection
EndGlobal
